
Microsoft Visual Studio Solution File, Format Version 12.00
Project("{FAE04EC0-301F-11D3-BF4B-00C04F79EFBC}") = "NxRelay", "NxRelay\NxRelay.csproj", "{0E612FC0-BBC3-401C-A235-E78562E4EF99}"
EndProject
Project("{FAE04EC0-301F-11D3-BF4B-00C04F79EFBC}") = "NxRelay.Tests", "NxRelay.Tests\NxRelay.Tests.csproj", "{252F807F-5117-4D08-9965-777EB4479920}"
EndProject
Global
	GlobalSection(SolutionConfigurationPlatforms) = preSolution
		Debug|Any CPU = Debug|Any CPU
		Release|Any CPU = Release|Any CPU
	EndGlobalSection
	GlobalSection(ProjectConfigurationPlatforms) = postSolution
		{0E612FC0-BBC3-401C-A235-E78562E4EF99}.Debug|Any CPU.ActiveCfg = Debug|Any CPU
		{0E612FC0-BBC3-401C-A235-E78562E4EF99}.Debug|Any CPU.Build.0 = Debug|Any CPU
		{0E612FC0-BBC3-401C-A235-E78562E4EF99}.Release|Any CPU.ActiveCfg = Release|Any CPU
		{0E612FC0-BBC3-401C-A235-E78562E4EF99}.Release|Any CPU.Build.0 = Release|Any CPU
		{252F807F-5117-4D08-9965-777EB4479920}.Debug|Any CPU.ActiveCfg = Debug|Any CPU
		{252F807F-5117-4D08-9965-777EB4479920}.Debug|Any CPU.Build.0 = Debug|Any CPU
		{252F807F-5117-4D08-9965-777EB4479920}.Release|Any CPU.ActiveCfg = Release|Any CPU
		{252F807F-5117-4D08-9965-777EB4479920}.Release|Any CPU.Build.0 = Release|Any CPU
	EndGlobalSection
EndGlobal
